
Microsoft Visual Studio Solution File, Format Version 12.00
# Visual Studio 15
VisualStudioVersion = 15.0.26124.0
MinimumVisualStudioVersion = 15.0.26124.0
Project("{FAE04EC0-301F-11D3-BF4B-00C04F79EFBC}") = "Builder", "Builder\Builder.csproj", "{37B4F6D8-8251-4DA1-924E-0F75EE01DB21}"
EndProject
Project("{FAE04EC0-301F-11D3-BF4B-00C04F79EFBC}") = "Factories", "Factories\Factories.csproj", "{95994109-2CEC-48F5-8AA0-FCA98465AE2A}"
EndProject
Project("{FAE04EC0-301F-11D3-BF4B-00C04F79EFBC}") = "Prototype", "Prototype\Prototype.csproj", "{5063233A-48D9-430D-8F29-18A7A4C84A3A}"
EndProject
Project("{FAE04EC0-301F-11D3-BF4B-00C04F79EFBC}") = "Singleton", "Singleton\Singleton.csproj", "{E803E31E-65E4-4046-8BAE-6B1A53ECDFC8}"
EndProject
Project("{FAE04EC0-301F-11D3-BF4B-00C04F79EFBC}") = "Singleton.Test", "Singleton.Test\Singleton.Test.csproj", "{4CD8A954-EB2F-4A73-88D5-B064F234398F}"
EndProject
Project("{FAE04EC0-301F-11D3-BF4B-00C04F79EFBC}") = "Adapter", "Adapter\Adapter.csproj", "{9D853769-7B01-450F-9BFE-90E4B0D8E1E6}"
EndProject
Project("{FAE04EC0-301F-11D3-BF4B-00C04F79EFBC}") = "Bridge", "Bridge\Bridge.csproj", "{A4501D87-8B46-4052-84AD-6B0BB9A14911}"
EndProject
Global
	GlobalSection(SolutionConfigurationPlatforms) = preSolution
		Debug|Any CPU = Debug|Any CPU
		Debug|x64 = Debug|x64
		Debug|x86 = Debug|x86
		Release|Any CPU = Release|Any CPU
		Release|x64 = Release|x64
		Release|x86 = Release|x86
	EndGlobalSection
	GlobalSection(SolutionProperties) = preSolution
		HideSolutionNode = FALSE
	EndGlobalSection
	GlobalSection(ProjectConfigurationPlatforms) = postSolution
		{37B4F6D8-8251-4DA1-924E-0F75EE01DB21}.Debug|Any CPU.ActiveCfg = Debug|Any CPU
		{37B4F6D8-8251-4DA1-924E-0F75EE01DB21}.Debug|Any CPU.Build.0 = Debug|Any CPU
		{37B4F6D8-8251-4DA1-924E-0F75EE01DB21}.Debug|x64.ActiveCfg = Debug|Any CPU
		{37B4F6D8-8251-4DA1-924E-0F75EE01DB21}.Debug|x64.Build.0 = Debug|Any CPU
		{37B4F6D8-8251-4DA1-924E-0F75EE01DB21}.Debug|x86.ActiveCfg = Debug|Any CPU
		{37B4F6D8-8251-4DA1-924E-0F75EE01DB21}.Debug|x86.Build.0 = Debug|Any CPU
		{37B4F6D8-8251-4DA1-924E-0F75EE01DB21}.Release|Any CPU.ActiveCfg = Release|Any CPU
		{37B4F6D8-8251-4DA1-924E-0F75EE01DB21}.Release|Any CPU.Build.0 = Release|Any CPU
		{37B4F6D8-8251-4DA1-924E-0F75EE01DB21}.Release|x64.ActiveCfg = Release|Any CPU
		{37B4F6D8-8251-4DA1-924E-0F75EE01DB21}.Release|x64.Build.0 = Release|Any CPU
		{37B4F6D8-8251-4DA1-924E-0F75EE01DB21}.Release|x86.ActiveCfg = Release|Any CPU
		{37B4F6D8-8251-4DA1-924E-0F75EE01DB21}.Release|x86.Build.0 = Release|Any CPU
		{95994109-2CEC-48F5-8AA0-FCA98465AE2A}.Debug|Any CPU.ActiveCfg = Debug|Any CPU
		{95994109-2CEC-48F5-8AA0-FCA98465AE2A}.Debug|Any CPU.Build.0 = Debug|Any CPU
		{95994109-2CEC-48F5-8AA0-FCA98465AE2A}.Debug|x64.ActiveCfg = Debug|Any CPU
		{95994109-2CEC-48F5-8AA0-FCA98465AE2A}.Debug|x64.Build.0 = Debug|Any CPU
		{95994109-2CEC-48F5-8AA0-FCA98465AE2A}.Debug|x86.ActiveCfg = Debug|Any CPU
		{95994109-2CEC-48F5-8AA0-FCA98465AE2A}.Debug|x86.Build.0 = Debug|Any CPU
		{95994109-2CEC-48F5-8AA0-FCA98465AE2A}.Release|Any CPU.ActiveCfg = Release|Any CPU
		{95994109-2CEC-48F5-8AA0-FCA98465AE2A}.Release|Any CPU.Build.0 = Release|Any CPU
		{95994109-2CEC-48F5-8AA0-FCA98465AE2A}.Release|x64.ActiveCfg = Release|Any CPU
		{95994109-2CEC-48F5-8AA0-FCA98465AE2A}.Release|x64.Build.0 = Release|Any CPU
		{95994109-2CEC-48F5-8AA0-FCA98465AE2A}.Release|x86.ActiveCfg = Release|Any CPU
		{95994109-2CEC-48F5-8AA0-FCA98465AE2A}.Release|x86.Build.0 = Release|Any CPU
		{5063233A-48D9-430D-8F29-18A7A4C84A3A}.Debug|Any CPU.ActiveCfg = Debug|Any CPU
		{5063233A-48D9-430D-8F29-18A7A4C84A3A}.Debug|Any CPU.Build.0 = Debug|Any CPU
		{5063233A-48D9-430D-8F29-18A7A4C84A3A}.Debug|x64.ActiveCfg = Debug|Any CPU
		{5063233A-48D9-430D-8F29-18A7A4C84A3A}.Debug|x64.Build.0 = Debug|Any CPU
		{5063233A-48D9-430D-8F29-18A7A4C84A3A}.Debug|x86.ActiveCfg = Debug|Any CPU
		{5063233A-48D9-430D-8F29-18A7A4C84A3A}.Debug|x86.Build.0 = Debug|Any CPU
		{5063233A-48D9-430D-8F29-18A7A4C84A3A}.Release|Any CPU.ActiveCfg = Release|Any CPU
		{5063233A-48D9-430D-8F29-18A7A4C84A3A}.Release|Any CPU.Build.0 = Release|Any CPU
		{5063233A-48D9-430D-8F29-18A7A4C84A3A}.Release|x64.ActiveCfg = Release|Any CPU
		{5063233A-48D9-430D-8F29-18A7A4C84A3A}.Release|x64.Build.0 = Release|Any CPU
		{5063233A-48D9-430D-8F29-18A7A4C84A3A}.Release|x86.ActiveCfg = Release|Any CPU
		{5063233A-48D9-430D-8F29-18A7A4C84A3A}.Release|x86.Build.0 = Release|Any CPU
		{E803E31E-65E4-4046-8BAE-6B1A53ECDFC8}.Debug|Any CPU.ActiveCfg = Debug|Any CPU
		{E803E31E-65E4-4046-8BAE-6B1A53ECDFC8}.Debug|Any CPU.Build.0 = Debug|Any CPU
		{E803E31E-65E4-4046-8BAE-6B1A53ECDFC8}.Debug|x64.ActiveCfg = Debug|Any CPU
		{E803E31E-65E4-4046-8BAE-6B1A53ECDFC8}.Debug|x64.Build.0 = Debug|Any CPU
		{E803E31E-65E4-4046-8BAE-6B1A53ECDFC8}.Debug|x86.ActiveCfg = Debug|Any CPU
		{E803E31E-65E4-4046-8BAE-6B1A53ECDFC8}.Debug|x86.Build.0 = Debug|Any CPU
		{E803E31E-65E4-4046-8BAE-6B1A53ECDFC8}.Release|Any CPU.ActiveCfg = Release|Any CPU
		{E803E31E-65E4-4046-8BAE-6B1A53ECDFC8}.Release|Any CPU.Build.0 = Release|Any CPU
		{E803E31E-65E4-4046-8BAE-6B1A53ECDFC8}.Release|x64.ActiveCfg = Release|Any CPU
		{E803E31E-65E4-4046-8BAE-6B1A53ECDFC8}.Release|x64.Build.0 = Release|Any CPU
		{E803E31E-65E4-4046-8BAE-6B1A53ECDFC8}.Release|x86.ActiveCfg = Release|Any CPU
		{E803E31E-65E4-4046-8BAE-6B1A53ECDFC8}.Release|x86.Build.0 = Release|Any CPU
		{4CD8A954-EB2F-4A73-88D5-B064F234398F}.Debug|Any CPU.ActiveCfg = Debug|Any CPU
		{4CD8A954-EB2F-4A73-88D5-B064F234398F}.Debug|Any CPU.Build.0 = Debug|Any CPU
		{4CD8A954-EB2F-4A73-88D5-B064F234398F}.Debug|x64.ActiveCfg = Debug|Any CPU
		{4CD8A954-EB2F-4A73-88D5-B064F234398F}.Debug|x64.Build.0 = Debug|Any CPU
		{4CD8A954-EB2F-4A73-88D5-B064F234398F}.Debug|x86.ActiveCfg = Debug|Any CPU
		{4CD8A954-EB2F-4A73-88D5-B064F234398F}.Debug|x86.Build.0 = Debug|Any CPU
		{4CD8A954-EB2F-4A73-88D5-B064F234398F}.Release|Any CPU.ActiveCfg = Release|Any CPU
		{4CD8A954-EB2F-4A73-88D5-B064F234398F}.Release|Any CPU.Build.0 = Release|Any CPU
		{4CD8A954-EB2F-4A73-88D5-B064F234398F}.Release|x64.ActiveCfg = Release|Any CPU
		{4CD8A954-EB2F-4A73-88D5-B064F234398F}.Release|x64.Build.0 = Release|Any CPU
		{4CD8A954-EB2F-4A73-88D5-B064F234398F}.Release|x86.ActiveCfg = Release|Any CPU
		{4CD8A954-EB2F-4A73-88D5-B064F234398F}.Release|x86.Build.0 = Release|Any CPU
		{9D853769-7B01-450F-9BFE-90E4B0D8E1E6}.Debug|Any CPU.ActiveCfg = Debug|Any CPU
		{9D853769-7B01-450F-9BFE-90E4B0D8E1E6}.Debug|Any CPU.Build.0 = Debug|Any CPU
		{9D853769-7B01-450F-9BFE-90E4B0D8E1E6}.Debug|x64.ActiveCfg = Debug|Any CPU
		{9D853769-7B01-450F-9BFE-90E4B0D8E1E6}.Debug|x64.Build.0 = Debug|Any CPU
		{9D853769-7B01-450F-9BFE-90E4B0D8E1E6}.Debug|x86.ActiveCfg = Debug|Any CPU
		{9D853769-7B01-450F-9BFE-90E4B0D8E1E6}.Debug|x86.Build.0 = Debug|Any CPU
		{9D853769-7B01-450F-9BFE-90E4B0D8E1E6}.Release|Any CPU.ActiveCfg = Release|Any CPU
		{9D853769-7B01-450F-9BFE-90E4B0D8E1E6}.Release|Any CPU.Build.0 = Release|Any CPU
		{9D853769-7B01-450F-9BFE-90E4B0D8E1E6}.Release|x64.ActiveCfg = Release|Any CPU
		{9D853769-7B01-450F-9BFE-90E4B0D8E1E6}.Release|x64.Build.0 = Release|Any CPU
		{9D853769-7B01-450F-9BFE-90E4B0D8E1E6}.Release|x86.ActiveCfg = Release|Any CPU
		{9D853769-7B01-450F-9BFE-90E4B0D8E1E6}.Release|x86.Build.0 = Release|Any CPU
		{A4501D87-8B46-4052-84AD-6B0BB9A14911}.Debug|Any CPU.ActiveCfg = Debug|Any CPU
		{A4501D87-8B46-4052-84AD-6B0BB9A14911}.Debug|Any CPU.Build.0 = Debug|Any CPU
		{A4501D87-8B46-4052-84AD-6B0BB9A14911}.Debug|x64.ActiveCfg = Debug|Any CPU
		{A4501D87-8B46-4052-84AD-6B0BB9A14911}.Debug|x64.Build.0 = Debug|Any CPU
		{A4501D87-8B46-4052-84AD-6B0BB9A14911}.Debug|x86.ActiveCfg = Debug|Any CPU
		{A4501D87-8B46-4052-84AD-6B0BB9A14911}.Debug|x86.Build.0 = Debug|Any CPU
		{A4501D87-8B46-4052-84AD-6B0BB9A14911}.Release|Any CPU.ActiveCfg = Release|Any CPU
		{A4501D87-8B46-4052-84AD-6B0BB9A14911}.Release|Any CPU.Build.0 = Release|Any CPU
		{A4501D87-8B46-4052-84AD-6B0BB9A14911}.Release|x64.ActiveCfg = Release|Any CPU
		{A4501D87-8B46-4052-84AD-6B0BB9A14911}.Release|x64.Build.0 = Release|Any CPU
		{A4501D87-8B46-4052-84AD-6B0BB9A14911}.Release|x86.ActiveCfg = Release|Any CPU
		{A4501D87-8B46-4052-84AD-6B0BB9A14911}.Release|x86.Build.0 = Release|Any CPU
	EndGlobalSection
EndGlobal
