
Microsoft Visual Studio Solution File, Format Version 12.00
# Visual Studio 15
VisualStudioVersion = 15.0.26124.0
MinimumVisualStudioVersion = 15.0.26124.0
Project("{FAE04EC0-301F-11D3-BF4B-00C04F79EFBC}") = "Builder", "Builder\Builder.csproj", "{37B4F6D8-8251-4DA1-924E-0F75EE01DB21}"
EndProject
Project("{FAE04EC0-301F-11D3-BF4B-00C04F79EFBC}") = "Factories", "Factories\Factories.csproj", "{95994109-2CEC-48F5-8AA0-FCA98465AE2A}"
EndProject
Project("{FAE04EC0-301F-11D3-BF4B-00C04F79EFBC}") = "Prototype", "Prototype\Prototype.csproj", "{5063233A-48D9-430D-8F29-18A7A4C84A3A}"
EndProject
Project("{FAE04EC0-301F-11D3-BF4B-00C04F79EFBC}") = "Singleton", "Singleton\Singleton.csproj", "{E803E31E-65E4-4046-8BAE-6B1A53ECDFC8}"
EndProject
Project("{FAE04EC0-301F-11D3-BF4B-00C04F79EFBC}") = "Singleton.Test", "Singleton.Test\Singleton.Test.csproj", "{4CD8A954-EB2F-4A73-88D5-B064F234398F}"
EndProject
Project("{FAE04EC0-301F-11D3-BF4B-00C04F79EFBC}") = "Adapter", "Adapter\Adapter.csproj", "{9D853769-7B01-450F-9BFE-90E4B0D8E1E6}"
EndProject
Project("{FAE04EC0-301F-11D3-BF4B-00C04F79EFBC}") = "Bridge", "Bridge\Bridge.csproj", "{A4501D87-8B46-4052-84AD-6B0BB9A14911}"
EndProject
Project("{FAE04EC0-301F-11D3-BF4B-00C04F79EFBC}") = "Composite", "Composite\Composite.csproj", "{D42B8925-C281-4916-818F-06DD003EF915}"
EndProject
Project("{FAE04EC0-301F-11D3-BF4B-00C04F79EFBC}") = "Decorator", "Decorator\Decorator.csproj", "{1843832E-B2DC-4CE1-BC0E-3B12E1F44C47}"
EndProject
Project("{FAE04EC0-301F-11D3-BF4B-00C04F79EFBC}") = "Facade", "Facade\Facade.csproj", "{293079D8-91EA-4780-AB29-A83233407827}"
EndProject
Project("{FAE04EC0-301F-11D3-BF4B-00C04F79EFBC}") = "Flyweight", "Flyweight\Flyweight.csproj", "{17722B3F-BE04-4809-8B37-3CD405BC131F}"
EndProject
Project("{FAE04EC0-301F-11D3-BF4B-00C04F79EFBC}") = "Flyweight.Test", "Flyweight.Test\Flyweight.Test.csproj", "{8FD05690-C7D0-4DE4-A537-22291F66A38B}"
EndProject
Project("{FAE04EC0-301F-11D3-BF4B-00C04F79EFBC}") = "Proxy", "Proxy\Proxy.csproj", "{E4C87C75-AA05-4E72-BAD8-579C4892A0BD}"
EndProject
Project("{FAE04EC0-301F-11D3-BF4B-00C04F79EFBC}") = "ChainOfResponsibility", "ChainOfResponsibility\ChainOfResponsibility.csproj", "{E1C0EE61-FF69-45CE-A146-60361661FF49}"
EndProject
Project("{FAE04EC0-301F-11D3-BF4B-00C04F79EFBC}") = "Command", "Command\Command.csproj", "{A5696E5C-9BF2-4A8F-8AA9-0A502666D53E}"
EndProject
Project("{FAE04EC0-301F-11D3-BF4B-00C04F79EFBC}") = "Interpreter", "Interpreter\Interpreter.csproj", "{A029E152-AE3B-455D-8A0B-9AE8D2CCCD94}"
EndProject
Project("{FAE04EC0-301F-11D3-BF4B-00C04F79EFBC}") = "Iterator", "Iterator\Iterator.csproj", "{BB6040A9-3799-4C12-ACEA-EB3F4168F0AD}"
EndProject
Project("{FAE04EC0-301F-11D3-BF4B-00C04F79EFBC}") = "Mediator", "Mediator\Mediator.csproj", "{444B301C-31D7-4918-88CF-3FCA71816AB8}"
EndProject
Project("{FAE04EC0-301F-11D3-BF4B-00C04F79EFBC}") = "Memento", "Memento\Memento.csproj", "{A7ECDD0F-31C4-4457-A062-5EE6C01708D6}"
EndProject
Global
	GlobalSection(SolutionConfigurationPlatforms) = preSolution
		Debug|Any CPU = Debug|Any CPU
		Debug|x64 = Debug|x64
		Debug|x86 = Debug|x86
		Release|Any CPU = Release|Any CPU
		Release|x64 = Release|x64
		Release|x86 = Release|x86
	EndGlobalSection
	GlobalSection(SolutionProperties) = preSolution
		HideSolutionNode = FALSE
	EndGlobalSection
	GlobalSection(ProjectConfigurationPlatforms) = postSolution
		{37B4F6D8-8251-4DA1-924E-0F75EE01DB21}.Debug|Any CPU.ActiveCfg = Debug|Any CPU
		{37B4F6D8-8251-4DA1-924E-0F75EE01DB21}.Debug|Any CPU.Build.0 = Debug|Any CPU
		{37B4F6D8-8251-4DA1-924E-0F75EE01DB21}.Debug|x64.ActiveCfg = Debug|Any CPU
		{37B4F6D8-8251-4DA1-924E-0F75EE01DB21}.Debug|x64.Build.0 = Debug|Any CPU
		{37B4F6D8-8251-4DA1-924E-0F75EE01DB21}.Debug|x86.ActiveCfg = Debug|Any CPU
		{37B4F6D8-8251-4DA1-924E-0F75EE01DB21}.Debug|x86.Build.0 = Debug|Any CPU
		{37B4F6D8-8251-4DA1-924E-0F75EE01DB21}.Release|Any CPU.ActiveCfg = Release|Any CPU
		{37B4F6D8-8251-4DA1-924E-0F75EE01DB21}.Release|Any CPU.Build.0 = Release|Any CPU
		{37B4F6D8-8251-4DA1-924E-0F75EE01DB21}.Release|x64.ActiveCfg = Release|Any CPU
		{37B4F6D8-8251-4DA1-924E-0F75EE01DB21}.Release|x64.Build.0 = Release|Any CPU
		{37B4F6D8-8251-4DA1-924E-0F75EE01DB21}.Release|x86.ActiveCfg = Release|Any CPU
		{37B4F6D8-8251-4DA1-924E-0F75EE01DB21}.Release|x86.Build.0 = Release|Any CPU
		{95994109-2CEC-48F5-8AA0-FCA98465AE2A}.Debug|Any CPU.ActiveCfg = Debug|Any CPU
		{95994109-2CEC-48F5-8AA0-FCA98465AE2A}.Debug|Any CPU.Build.0 = Debug|Any CPU
		{95994109-2CEC-48F5-8AA0-FCA98465AE2A}.Debug|x64.ActiveCfg = Debug|Any CPU
		{95994109-2CEC-48F5-8AA0-FCA98465AE2A}.Debug|x64.Build.0 = Debug|Any CPU
		{95994109-2CEC-48F5-8AA0-FCA98465AE2A}.Debug|x86.ActiveCfg = Debug|Any CPU
		{95994109-2CEC-48F5-8AA0-FCA98465AE2A}.Debug|x86.Build.0 = Debug|Any CPU
		{95994109-2CEC-48F5-8AA0-FCA98465AE2A}.Release|Any CPU.ActiveCfg = Release|Any CPU
		{95994109-2CEC-48F5-8AA0-FCA98465AE2A}.Release|Any CPU.Build.0 = Release|Any CPU
		{95994109-2CEC-48F5-8AA0-FCA98465AE2A}.Release|x64.ActiveCfg = Release|Any CPU
		{95994109-2CEC-48F5-8AA0-FCA98465AE2A}.Release|x64.Build.0 = Release|Any CPU
		{95994109-2CEC-48F5-8AA0-FCA98465AE2A}.Release|x86.ActiveCfg = Release|Any CPU
		{95994109-2CEC-48F5-8AA0-FCA98465AE2A}.Release|x86.Build.0 = Release|Any CPU
		{5063233A-48D9-430D-8F29-18A7A4C84A3A}.Debug|Any CPU.ActiveCfg = Debug|Any CPU
		{5063233A-48D9-430D-8F29-18A7A4C84A3A}.Debug|Any CPU.Build.0 = Debug|Any CPU
		{5063233A-48D9-430D-8F29-18A7A4C84A3A}.Debug|x64.ActiveCfg = Debug|Any CPU
		{5063233A-48D9-430D-8F29-18A7A4C84A3A}.Debug|x64.Build.0 = Debug|Any CPU
		{5063233A-48D9-430D-8F29-18A7A4C84A3A}.Debug|x86.ActiveCfg = Debug|Any CPU
		{5063233A-48D9-430D-8F29-18A7A4C84A3A}.Debug|x86.Build.0 = Debug|Any CPU
		{5063233A-48D9-430D-8F29-18A7A4C84A3A}.Release|Any CPU.ActiveCfg = Release|Any CPU
		{5063233A-48D9-430D-8F29-18A7A4C84A3A}.Release|Any CPU.Build.0 = Release|Any CPU
		{5063233A-48D9-430D-8F29-18A7A4C84A3A}.Release|x64.ActiveCfg = Release|Any CPU
		{5063233A-48D9-430D-8F29-18A7A4C84A3A}.Release|x64.Build.0 = Release|Any CPU
		{5063233A-48D9-430D-8F29-18A7A4C84A3A}.Release|x86.ActiveCfg = Release|Any CPU
		{5063233A-48D9-430D-8F29-18A7A4C84A3A}.Release|x86.Build.0 = Release|Any CPU
		{E803E31E-65E4-4046-8BAE-6B1A53ECDFC8}.Debug|Any CPU.ActiveCfg = Debug|Any CPU
		{E803E31E-65E4-4046-8BAE-6B1A53ECDFC8}.Debug|Any CPU.Build.0 = Debug|Any CPU
		{E803E31E-65E4-4046-8BAE-6B1A53ECDFC8}.Debug|x64.ActiveCfg = Debug|Any CPU
		{E803E31E-65E4-4046-8BAE-6B1A53ECDFC8}.Debug|x64.Build.0 = Debug|Any CPU
		{E803E31E-65E4-4046-8BAE-6B1A53ECDFC8}.Debug|x86.ActiveCfg = Debug|Any CPU
		{E803E31E-65E4-4046-8BAE-6B1A53ECDFC8}.Debug|x86.Build.0 = Debug|Any CPU
		{E803E31E-65E4-4046-8BAE-6B1A53ECDFC8}.Release|Any CPU.ActiveCfg = Release|Any CPU
		{E803E31E-65E4-4046-8BAE-6B1A53ECDFC8}.Release|Any CPU.Build.0 = Release|Any CPU
		{E803E31E-65E4-4046-8BAE-6B1A53ECDFC8}.Release|x64.ActiveCfg = Release|Any CPU
		{E803E31E-65E4-4046-8BAE-6B1A53ECDFC8}.Release|x64.Build.0 = Release|Any CPU
		{E803E31E-65E4-4046-8BAE-6B1A53ECDFC8}.Release|x86.ActiveCfg = Release|Any CPU
		{E803E31E-65E4-4046-8BAE-6B1A53ECDFC8}.Release|x86.Build.0 = Release|Any CPU
		{4CD8A954-EB2F-4A73-88D5-B064F234398F}.Debug|Any CPU.ActiveCfg = Debug|Any CPU
		{4CD8A954-EB2F-4A73-88D5-B064F234398F}.Debug|Any CPU.Build.0 = Debug|Any CPU
		{4CD8A954-EB2F-4A73-88D5-B064F234398F}.Debug|x64.ActiveCfg = Debug|Any CPU
		{4CD8A954-EB2F-4A73-88D5-B064F234398F}.Debug|x64.Build.0 = Debug|Any CPU
		{4CD8A954-EB2F-4A73-88D5-B064F234398F}.Debug|x86.ActiveCfg = Debug|Any CPU
		{4CD8A954-EB2F-4A73-88D5-B064F234398F}.Debug|x86.Build.0 = Debug|Any CPU
		{4CD8A954-EB2F-4A73-88D5-B064F234398F}.Release|Any CPU.ActiveCfg = Release|Any CPU
		{4CD8A954-EB2F-4A73-88D5-B064F234398F}.Release|Any CPU.Build.0 = Release|Any CPU
		{4CD8A954-EB2F-4A73-88D5-B064F234398F}.Release|x64.ActiveCfg = Release|Any CPU
		{4CD8A954-EB2F-4A73-88D5-B064F234398F}.Release|x64.Build.0 = Release|Any CPU
		{4CD8A954-EB2F-4A73-88D5-B064F234398F}.Release|x86.ActiveCfg = Release|Any CPU
		{4CD8A954-EB2F-4A73-88D5-B064F234398F}.Release|x86.Build.0 = Release|Any CPU
		{9D853769-7B01-450F-9BFE-90E4B0D8E1E6}.Debug|Any CPU.ActiveCfg = Debug|Any CPU
		{9D853769-7B01-450F-9BFE-90E4B0D8E1E6}.Debug|Any CPU.Build.0 = Debug|Any CPU
		{9D853769-7B01-450F-9BFE-90E4B0D8E1E6}.Debug|x64.ActiveCfg = Debug|Any CPU
		{9D853769-7B01-450F-9BFE-90E4B0D8E1E6}.Debug|x64.Build.0 = Debug|Any CPU
		{9D853769-7B01-450F-9BFE-90E4B0D8E1E6}.Debug|x86.ActiveCfg = Debug|Any CPU
		{9D853769-7B01-450F-9BFE-90E4B0D8E1E6}.Debug|x86.Build.0 = Debug|Any CPU
		{9D853769-7B01-450F-9BFE-90E4B0D8E1E6}.Release|Any CPU.ActiveCfg = Release|Any CPU
		{9D853769-7B01-450F-9BFE-90E4B0D8E1E6}.Release|Any CPU.Build.0 = Release|Any CPU
		{9D853769-7B01-450F-9BFE-90E4B0D8E1E6}.Release|x64.ActiveCfg = Release|Any CPU
		{9D853769-7B01-450F-9BFE-90E4B0D8E1E6}.Release|x64.Build.0 = Release|Any CPU
		{9D853769-7B01-450F-9BFE-90E4B0D8E1E6}.Release|x86.ActiveCfg = Release|Any CPU
		{9D853769-7B01-450F-9BFE-90E4B0D8E1E6}.Release|x86.Build.0 = Release|Any CPU
		{A4501D87-8B46-4052-84AD-6B0BB9A14911}.Debug|Any CPU.ActiveCfg = Debug|Any CPU
		{A4501D87-8B46-4052-84AD-6B0BB9A14911}.Debug|Any CPU.Build.0 = Debug|Any CPU
		{A4501D87-8B46-4052-84AD-6B0BB9A14911}.Debug|x64.ActiveCfg = Debug|Any CPU
		{A4501D87-8B46-4052-84AD-6B0BB9A14911}.Debug|x64.Build.0 = Debug|Any CPU
		{A4501D87-8B46-4052-84AD-6B0BB9A14911}.Debug|x86.ActiveCfg = Debug|Any CPU
		{A4501D87-8B46-4052-84AD-6B0BB9A14911}.Debug|x86.Build.0 = Debug|Any CPU
		{A4501D87-8B46-4052-84AD-6B0BB9A14911}.Release|Any CPU.ActiveCfg = Release|Any CPU
		{A4501D87-8B46-4052-84AD-6B0BB9A14911}.Release|Any CPU.Build.0 = Release|Any CPU
		{A4501D87-8B46-4052-84AD-6B0BB9A14911}.Release|x64.ActiveCfg = Release|Any CPU
		{A4501D87-8B46-4052-84AD-6B0BB9A14911}.Release|x64.Build.0 = Release|Any CPU
		{A4501D87-8B46-4052-84AD-6B0BB9A14911}.Release|x86.ActiveCfg = Release|Any CPU
		{A4501D87-8B46-4052-84AD-6B0BB9A14911}.Release|x86.Build.0 = Release|Any CPU
		{D42B8925-C281-4916-818F-06DD003EF915}.Debug|Any CPU.ActiveCfg = Debug|Any CPU
		{D42B8925-C281-4916-818F-06DD003EF915}.Debug|Any CPU.Build.0 = Debug|Any CPU
		{D42B8925-C281-4916-818F-06DD003EF915}.Debug|x64.ActiveCfg = Debug|Any CPU
		{D42B8925-C281-4916-818F-06DD003EF915}.Debug|x64.Build.0 = Debug|Any CPU
		{D42B8925-C281-4916-818F-06DD003EF915}.Debug|x86.ActiveCfg = Debug|Any CPU
		{D42B8925-C281-4916-818F-06DD003EF915}.Debug|x86.Build.0 = Debug|Any CPU
		{D42B8925-C281-4916-818F-06DD003EF915}.Release|Any CPU.ActiveCfg = Release|Any CPU
		{D42B8925-C281-4916-818F-06DD003EF915}.Release|Any CPU.Build.0 = Release|Any CPU
		{D42B8925-C281-4916-818F-06DD003EF915}.Release|x64.ActiveCfg = Release|Any CPU
		{D42B8925-C281-4916-818F-06DD003EF915}.Release|x64.Build.0 = Release|Any CPU
		{D42B8925-C281-4916-818F-06DD003EF915}.Release|x86.ActiveCfg = Release|Any CPU
		{D42B8925-C281-4916-818F-06DD003EF915}.Release|x86.Build.0 = Release|Any CPU
		{1843832E-B2DC-4CE1-BC0E-3B12E1F44C47}.Debug|Any CPU.ActiveCfg = Debug|Any CPU
		{1843832E-B2DC-4CE1-BC0E-3B12E1F44C47}.Debug|Any CPU.Build.0 = Debug|Any CPU
		{1843832E-B2DC-4CE1-BC0E-3B12E1F44C47}.Debug|x64.ActiveCfg = Debug|Any CPU
		{1843832E-B2DC-4CE1-BC0E-3B12E1F44C47}.Debug|x64.Build.0 = Debug|Any CPU
		{1843832E-B2DC-4CE1-BC0E-3B12E1F44C47}.Debug|x86.ActiveCfg = Debug|Any CPU
		{1843832E-B2DC-4CE1-BC0E-3B12E1F44C47}.Debug|x86.Build.0 = Debug|Any CPU
		{1843832E-B2DC-4CE1-BC0E-3B12E1F44C47}.Release|Any CPU.ActiveCfg = Release|Any CPU
		{1843832E-B2DC-4CE1-BC0E-3B12E1F44C47}.Release|Any CPU.Build.0 = Release|Any CPU
		{1843832E-B2DC-4CE1-BC0E-3B12E1F44C47}.Release|x64.ActiveCfg = Release|Any CPU
		{1843832E-B2DC-4CE1-BC0E-3B12E1F44C47}.Release|x64.Build.0 = Release|Any CPU
		{1843832E-B2DC-4CE1-BC0E-3B12E1F44C47}.Release|x86.ActiveCfg = Release|Any CPU
		{1843832E-B2DC-4CE1-BC0E-3B12E1F44C47}.Release|x86.Build.0 = Release|Any CPU
		{293079D8-91EA-4780-AB29-A83233407827}.Debug|Any CPU.ActiveCfg = Debug|Any CPU
		{293079D8-91EA-4780-AB29-A83233407827}.Debug|Any CPU.Build.0 = Debug|Any CPU
		{293079D8-91EA-4780-AB29-A83233407827}.Debug|x64.ActiveCfg = Debug|Any CPU
		{293079D8-91EA-4780-AB29-A83233407827}.Debug|x64.Build.0 = Debug|Any CPU
		{293079D8-91EA-4780-AB29-A83233407827}.Debug|x86.ActiveCfg = Debug|Any CPU
		{293079D8-91EA-4780-AB29-A83233407827}.Debug|x86.Build.0 = Debug|Any CPU
		{293079D8-91EA-4780-AB29-A83233407827}.Release|Any CPU.ActiveCfg = Release|Any CPU
		{293079D8-91EA-4780-AB29-A83233407827}.Release|Any CPU.Build.0 = Release|Any CPU
		{293079D8-91EA-4780-AB29-A83233407827}.Release|x64.ActiveCfg = Release|Any CPU
		{293079D8-91EA-4780-AB29-A83233407827}.Release|x64.Build.0 = Release|Any CPU
		{293079D8-91EA-4780-AB29-A83233407827}.Release|x86.ActiveCfg = Release|Any CPU
		{293079D8-91EA-4780-AB29-A83233407827}.Release|x86.Build.0 = Release|Any CPU
		{17722B3F-BE04-4809-8B37-3CD405BC131F}.Debug|Any CPU.ActiveCfg = Debug|Any CPU
		{17722B3F-BE04-4809-8B37-3CD405BC131F}.Debug|Any CPU.Build.0 = Debug|Any CPU
		{17722B3F-BE04-4809-8B37-3CD405BC131F}.Debug|x64.ActiveCfg = Debug|Any CPU
		{17722B3F-BE04-4809-8B37-3CD405BC131F}.Debug|x64.Build.0 = Debug|Any CPU
		{17722B3F-BE04-4809-8B37-3CD405BC131F}.Debug|x86.ActiveCfg = Debug|Any CPU
		{17722B3F-BE04-4809-8B37-3CD405BC131F}.Debug|x86.Build.0 = Debug|Any CPU
		{17722B3F-BE04-4809-8B37-3CD405BC131F}.Release|Any CPU.ActiveCfg = Release|Any CPU
		{17722B3F-BE04-4809-8B37-3CD405BC131F}.Release|Any CPU.Build.0 = Release|Any CPU
		{17722B3F-BE04-4809-8B37-3CD405BC131F}.Release|x64.ActiveCfg = Release|Any CPU
		{17722B3F-BE04-4809-8B37-3CD405BC131F}.Release|x64.Build.0 = Release|Any CPU
		{17722B3F-BE04-4809-8B37-3CD405BC131F}.Release|x86.ActiveCfg = Release|Any CPU
		{17722B3F-BE04-4809-8B37-3CD405BC131F}.Release|x86.Build.0 = Release|Any CPU
		{8FD05690-C7D0-4DE4-A537-22291F66A38B}.Debug|Any CPU.ActiveCfg = Debug|Any CPU
		{8FD05690-C7D0-4DE4-A537-22291F66A38B}.Debug|Any CPU.Build.0 = Debug|Any CPU
		{8FD05690-C7D0-4DE4-A537-22291F66A38B}.Debug|x64.ActiveCfg = Debug|Any CPU
		{8FD05690-C7D0-4DE4-A537-22291F66A38B}.Debug|x64.Build.0 = Debug|Any CPU
		{8FD05690-C7D0-4DE4-A537-22291F66A38B}.Debug|x86.ActiveCfg = Debug|Any CPU
		{8FD05690-C7D0-4DE4-A537-22291F66A38B}.Debug|x86.Build.0 = Debug|Any CPU
		{8FD05690-C7D0-4DE4-A537-22291F66A38B}.Release|Any CPU.ActiveCfg = Release|Any CPU
		{8FD05690-C7D0-4DE4-A537-22291F66A38B}.Release|Any CPU.Build.0 = Release|Any CPU
		{8FD05690-C7D0-4DE4-A537-22291F66A38B}.Release|x64.ActiveCfg = Release|Any CPU
		{8FD05690-C7D0-4DE4-A537-22291F66A38B}.Release|x64.Build.0 = Release|Any CPU
		{8FD05690-C7D0-4DE4-A537-22291F66A38B}.Release|x86.ActiveCfg = Release|Any CPU
		{8FD05690-C7D0-4DE4-A537-22291F66A38B}.Release|x86.Build.0 = Release|Any CPU
		{E4C87C75-AA05-4E72-BAD8-579C4892A0BD}.Debug|Any CPU.ActiveCfg = Debug|Any CPU
		{E4C87C75-AA05-4E72-BAD8-579C4892A0BD}.Debug|Any CPU.Build.0 = Debug|Any CPU
		{E4C87C75-AA05-4E72-BAD8-579C4892A0BD}.Debug|x64.ActiveCfg = Debug|Any CPU
		{E4C87C75-AA05-4E72-BAD8-579C4892A0BD}.Debug|x64.Build.0 = Debug|Any CPU
		{E4C87C75-AA05-4E72-BAD8-579C4892A0BD}.Debug|x86.ActiveCfg = Debug|Any CPU
		{E4C87C75-AA05-4E72-BAD8-579C4892A0BD}.Debug|x86.Build.0 = Debug|Any CPU
		{E4C87C75-AA05-4E72-BAD8-579C4892A0BD}.Release|Any CPU.ActiveCfg = Release|Any CPU
		{E4C87C75-AA05-4E72-BAD8-579C4892A0BD}.Release|Any CPU.Build.0 = Release|Any CPU
		{E4C87C75-AA05-4E72-BAD8-579C4892A0BD}.Release|x64.ActiveCfg = Release|Any CPU
		{E4C87C75-AA05-4E72-BAD8-579C4892A0BD}.Release|x64.Build.0 = Release|Any CPU
		{E4C87C75-AA05-4E72-BAD8-579C4892A0BD}.Release|x86.ActiveCfg = Release|Any CPU
		{E4C87C75-AA05-4E72-BAD8-579C4892A0BD}.Release|x86.Build.0 = Release|Any CPU
		{E1C0EE61-FF69-45CE-A146-60361661FF49}.Debug|Any CPU.ActiveCfg = Debug|Any CPU
		{E1C0EE61-FF69-45CE-A146-60361661FF49}.Debug|Any CPU.Build.0 = Debug|Any CPU
		{E1C0EE61-FF69-45CE-A146-60361661FF49}.Debug|x64.ActiveCfg = Debug|Any CPU
		{E1C0EE61-FF69-45CE-A146-60361661FF49}.Debug|x64.Build.0 = Debug|Any CPU
		{E1C0EE61-FF69-45CE-A146-60361661FF49}.Debug|x86.ActiveCfg = Debug|Any CPU
		{E1C0EE61-FF69-45CE-A146-60361661FF49}.Debug|x86.Build.0 = Debug|Any CPU
		{E1C0EE61-FF69-45CE-A146-60361661FF49}.Release|Any CPU.ActiveCfg = Release|Any CPU
		{E1C0EE61-FF69-45CE-A146-60361661FF49}.Release|Any CPU.Build.0 = Release|Any CPU
		{E1C0EE61-FF69-45CE-A146-60361661FF49}.Release|x64.ActiveCfg = Release|Any CPU
		{E1C0EE61-FF69-45CE-A146-60361661FF49}.Release|x64.Build.0 = Release|Any CPU
		{E1C0EE61-FF69-45CE-A146-60361661FF49}.Release|x86.ActiveCfg = Release|Any CPU
		{E1C0EE61-FF69-45CE-A146-60361661FF49}.Release|x86.Build.0 = Release|Any CPU
		{A5696E5C-9BF2-4A8F-8AA9-0A502666D53E}.Debug|Any CPU.ActiveCfg = Debug|Any CPU
		{A5696E5C-9BF2-4A8F-8AA9-0A502666D53E}.Debug|Any CPU.Build.0 = Debug|Any CPU
		{A5696E5C-9BF2-4A8F-8AA9-0A502666D53E}.Debug|x64.ActiveCfg = Debug|Any CPU
		{A5696E5C-9BF2-4A8F-8AA9-0A502666D53E}.Debug|x64.Build.0 = Debug|Any CPU
		{A5696E5C-9BF2-4A8F-8AA9-0A502666D53E}.Debug|x86.ActiveCfg = Debug|Any CPU
		{A5696E5C-9BF2-4A8F-8AA9-0A502666D53E}.Debug|x86.Build.0 = Debug|Any CPU
		{A5696E5C-9BF2-4A8F-8AA9-0A502666D53E}.Release|Any CPU.ActiveCfg = Release|Any CPU
		{A5696E5C-9BF2-4A8F-8AA9-0A502666D53E}.Release|Any CPU.Build.0 = Release|Any CPU
		{A5696E5C-9BF2-4A8F-8AA9-0A502666D53E}.Release|x64.ActiveCfg = Release|Any CPU
		{A5696E5C-9BF2-4A8F-8AA9-0A502666D53E}.Release|x64.Build.0 = Release|Any CPU
		{A5696E5C-9BF2-4A8F-8AA9-0A502666D53E}.Release|x86.ActiveCfg = Release|Any CPU
		{A5696E5C-9BF2-4A8F-8AA9-0A502666D53E}.Release|x86.Build.0 = Release|Any CPU
		{A029E152-AE3B-455D-8A0B-9AE8D2CCCD94}.Debug|Any CPU.ActiveCfg = Debug|Any CPU
		{A029E152-AE3B-455D-8A0B-9AE8D2CCCD94}.Debug|Any CPU.Build.0 = Debug|Any CPU
		{A029E152-AE3B-455D-8A0B-9AE8D2CCCD94}.Debug|x64.ActiveCfg = Debug|Any CPU
		{A029E152-AE3B-455D-8A0B-9AE8D2CCCD94}.Debug|x64.Build.0 = Debug|Any CPU
		{A029E152-AE3B-455D-8A0B-9AE8D2CCCD94}.Debug|x86.ActiveCfg = Debug|Any CPU
		{A029E152-AE3B-455D-8A0B-9AE8D2CCCD94}.Debug|x86.Build.0 = Debug|Any CPU
		{A029E152-AE3B-455D-8A0B-9AE8D2CCCD94}.Release|Any CPU.ActiveCfg = Release|Any CPU
		{A029E152-AE3B-455D-8A0B-9AE8D2CCCD94}.Release|Any CPU.Build.0 = Release|Any CPU
		{A029E152-AE3B-455D-8A0B-9AE8D2CCCD94}.Release|x64.ActiveCfg = Release|Any CPU
		{A029E152-AE3B-455D-8A0B-9AE8D2CCCD94}.Release|x64.Build.0 = Release|Any CPU
		{A029E152-AE3B-455D-8A0B-9AE8D2CCCD94}.Release|x86.ActiveCfg = Release|Any CPU
		{A029E152-AE3B-455D-8A0B-9AE8D2CCCD94}.Release|x86.Build.0 = Release|Any CPU
		{BB6040A9-3799-4C12-ACEA-EB3F4168F0AD}.Debug|Any CPU.ActiveCfg = Debug|Any CPU
		{BB6040A9-3799-4C12-ACEA-EB3F4168F0AD}.Debug|Any CPU.Build.0 = Debug|Any CPU
		{BB6040A9-3799-4C12-ACEA-EB3F4168F0AD}.Debug|x64.ActiveCfg = Debug|Any CPU
		{BB6040A9-3799-4C12-ACEA-EB3F4168F0AD}.Debug|x64.Build.0 = Debug|Any CPU
		{BB6040A9-3799-4C12-ACEA-EB3F4168F0AD}.Debug|x86.ActiveCfg = Debug|Any CPU
		{BB6040A9-3799-4C12-ACEA-EB3F4168F0AD}.Debug|x86.Build.0 = Debug|Any CPU
		{BB6040A9-3799-4C12-ACEA-EB3F4168F0AD}.Release|Any CPU.ActiveCfg = Release|Any CPU
		{BB6040A9-3799-4C12-ACEA-EB3F4168F0AD}.Release|Any CPU.Build.0 = Release|Any CPU
		{BB6040A9-3799-4C12-ACEA-EB3F4168F0AD}.Release|x64.ActiveCfg = Release|Any CPU
		{BB6040A9-3799-4C12-ACEA-EB3F4168F0AD}.Release|x64.Build.0 = Release|Any CPU
		{BB6040A9-3799-4C12-ACEA-EB3F4168F0AD}.Release|x86.ActiveCfg = Release|Any CPU
		{BB6040A9-3799-4C12-ACEA-EB3F4168F0AD}.Release|x86.Build.0 = Release|Any CPU
		{444B301C-31D7-4918-88CF-3FCA71816AB8}.Debug|Any CPU.ActiveCfg = Debug|Any CPU
		{444B301C-31D7-4918-88CF-3FCA71816AB8}.Debug|Any CPU.Build.0 = Debug|Any CPU
		{444B301C-31D7-4918-88CF-3FCA71816AB8}.Debug|x64.ActiveCfg = Debug|Any CPU
		{444B301C-31D7-4918-88CF-3FCA71816AB8}.Debug|x64.Build.0 = Debug|Any CPU
		{444B301C-31D7-4918-88CF-3FCA71816AB8}.Debug|x86.ActiveCfg = Debug|Any CPU
		{444B301C-31D7-4918-88CF-3FCA71816AB8}.Debug|x86.Build.0 = Debug|Any CPU
		{444B301C-31D7-4918-88CF-3FCA71816AB8}.Release|Any CPU.ActiveCfg = Release|Any CPU
		{444B301C-31D7-4918-88CF-3FCA71816AB8}.Release|Any CPU.Build.0 = Release|Any CPU
		{444B301C-31D7-4918-88CF-3FCA71816AB8}.Release|x64.ActiveCfg = Release|Any CPU
		{444B301C-31D7-4918-88CF-3FCA71816AB8}.Release|x64.Build.0 = Release|Any CPU
		{444B301C-31D7-4918-88CF-3FCA71816AB8}.Release|x86.ActiveCfg = Release|Any CPU
		{444B301C-31D7-4918-88CF-3FCA71816AB8}.Release|x86.Build.0 = Release|Any CPU
		{A7ECDD0F-31C4-4457-A062-5EE6C01708D6}.Debug|Any CPU.ActiveCfg = Debug|Any CPU
		{A7ECDD0F-31C4-4457-A062-5EE6C01708D6}.Debug|Any CPU.Build.0 = Debug|Any CPU
		{A7ECDD0F-31C4-4457-A062-5EE6C01708D6}.Debug|x64.ActiveCfg = Debug|Any CPU
		{A7ECDD0F-31C4-4457-A062-5EE6C01708D6}.Debug|x64.Build.0 = Debug|Any CPU
		{A7ECDD0F-31C4-4457-A062-5EE6C01708D6}.Debug|x86.ActiveCfg = Debug|Any CPU
		{A7ECDD0F-31C4-4457-A062-5EE6C01708D6}.Debug|x86.Build.0 = Debug|Any CPU
		{A7ECDD0F-31C4-4457-A062-5EE6C01708D6}.Release|Any CPU.ActiveCfg = Release|Any CPU
		{A7ECDD0F-31C4-4457-A062-5EE6C01708D6}.Release|Any CPU.Build.0 = Release|Any CPU
		{A7ECDD0F-31C4-4457-A062-5EE6C01708D6}.Release|x64.ActiveCfg = Release|Any CPU
		{A7ECDD0F-31C4-4457-A062-5EE6C01708D6}.Release|x64.Build.0 = Release|Any CPU
		{A7ECDD0F-31C4-4457-A062-5EE6C01708D6}.Release|x86.ActiveCfg = Release|Any CPU
		{A7ECDD0F-31C4-4457-A062-5EE6C01708D6}.Release|x86.Build.0 = Release|Any CPU
	EndGlobalSection
EndGlobal
